
Microsoft Visual Studio Solution File, Format Version 12.00
# Visual Studio Version 16
VisualStudioVersion = 16.0.31729.503
MinimumVisualStudioVersion = 10.0.40219.1
Project("{FAE04EC0-301F-11D3-BF4B-00C04F79EFBC}") = "O_X_Game", "O_X_Game.csproj", "{6962B64A-5097-4A82-B83F-19D09CF130AD}"
EndProject
Global
	GlobalSection(SolutionConfigurationPlatforms) = preSolution
		Debug|Any CPU = Debug|Any CPU
		Release|Any CPU = Release|Any CPU
	EndGlobalSection
	GlobalSection(ProjectConfigurationPlatforms) = postSolution
		{6962B64A-5097-4A82-B83F-19D09CF130AD}.Debug|Any CPU.ActiveCfg = Debug|Any CPU
		{6962B64A-5097-4A82-B83F-19D09CF130AD}.Debug|Any CPU.Build.0 = Debug|Any CPU
		{6962B64A-5097-4A82-B83F-19D09CF130AD}.Release|Any CPU.ActiveCfg = Release|Any CPU
		{6962B64A-5097-4A82-B83F-19D09CF130AD}.Release|Any CPU.Build.0 = Release|Any CPU
	EndGlobalSection
	GlobalSection(SolutionProperties) = preSolution
		HideSolutionNode = FALSE
	EndGlobalSection
	GlobalSection(ExtensibilityGlobals) = postSolution
		SolutionGuid = {E10CE681-F1D5-4D78-AFD6-F5479AED9615}
	EndGlobalSection
EndGlobal
